// !$*UTF8*$!
{
	archiveVersion = 1;
	classes = {
	};
	objectVersion = 46;
	objects = {

/* Begin PBXBuildFile section */
		4835D042204A8C720077C032 /* AppDelegate.swift in Sources */ = {isa = PBXBuildFile; fileRef = 4835D041204A8C720077C032 /* AppDelegate.swift */; };
		4835D044204A8C720077C032 /* ViewController.swift in Sources */ = {isa = PBXBuildFile; fileRef = 4835D043204A8C720077C032 /* ViewController.swift */; };
		4835D047204A8C720077C032 /* Main.storyboard in Resources */ = {isa = PBXBuildFile; fileRef = 4835D045204A8C720077C032 /* Main.storyboard */; };
		4835D04A204A8C720077C032 /* Hacktech2018.xcdatamodeld in Sources */ = {isa = PBXBuildFile; fileRef = 4835D048204A8C720077C032 /* Hacktech2018.xcdatamodeld */; };
		4835D04C204A8C720077C032 /* Assets.xcassets in Resources */ = {isa = PBXBuildFile; fileRef = 4835D04B204A8C720077C032 /* Assets.xcassets */; };
		4835D04F204A8C720077C032 /* LaunchScreen.storyboard in Resources */ = {isa = PBXBuildFile; fileRef = 4835D04D204A8C720077C032 /* LaunchScreen.storyboard */; };
/* End PBXBuildFile section */

/* Begin PBXFileReference section */
		4835D03E204A8C720077C032 /* Hacktech2018.app */ = {isa = PBXFileReference; explicitFileType = wrapper.application; includeInIndex = 0; path = Hacktech2018.app; sourceTree = BUILT_PRODUCTS_DIR; };
		4835D041204A8C720077C032 /* AppDelegate.swift */ = {isa = PBXFileReference; lastKnownFileType = sourcecode.swift; path = AppDelegate.swift; sourceTree = "<group>"; };
		4835D043204A8C720077C032 /* ViewController.swift */ = {isa = PBXFileReference; lastKnownFileType = sourcecode.swift; path = ViewController.swift; sourceTree = "<group>"; };
		4835D046204A8C720077C032 /* Base */ = {isa = PBXFileReference; lastKnownFileType = file.storyboard; name = Base; path = Base.lproj/Main.storyboard; sourceTree = "<group>"; };
		4835D049204A8C720077C032 /* Hacktech2018.xcdatamodel */ = {isa = PBXFileReference; lastKnownFileType = wrapper.xcdatamodel; path = Hacktech2018.xcdatamodel; sourceTree = "<group>"; };
		4835D04B204A8C720077C032 /* Assets.xcassets */ = {isa = PBXFileReference; lastKnownFileType = folder.assetcatalog; path = Assets.xcassets; sourceTree = "<group>"; };
		4835D04E204A8C720077C032 /* Base */ = {isa = PBXFileReference; lastKnownFileType = file.storyboard; name = Base; path = Base.lproj/LaunchScreen.storyboard; sourceTree = "<group>"; };
		4835D050204A8C720077C032 /* Info.plist */ = {isa = PBXFileReference; lastKnownFileType = text.plist.xml; path = Info.plist; sourceTree = "<group>"; };
/* End PBXFileReference section */

/* Begin PBXFrameworksBuildPhase section */
		4835D03B204A8C720077C032 /* Frameworks */ = {
			isa = PBXFrameworksBuildPhase;
			buildActionMask = 2147483647;
			files = (
			);
			runOnlyForDeploymentPostprocessing = 0;
		};
/* End PBXFrameworksBuildPhase section */

/* Begin PBXGroup section */
		4835D035204A8C720077C032 = {
			isa = PBXGroup;
			children = (
				4835D040204A8C720077C032 /* Hacktech2018 */,
				4835D03F204A8C720077C032 /* Products */,
			);
			sourceTree = "<group>";
		};
		4835D03F204A8C720077C032 /* Products */ = {
			isa = PBXGroup;
			children = (
				4835D03E204A8C720077C032 /* Hacktech2018.app */,
			);
			name = Products;
			sourceTree = "<group>";
		};
		4835D040204A8C720077C032 /* Hacktech2018 */ = {
			isa = PBXGroup;
			children = (
				4835D041204A8C720077C032 /* AppDelegate.swift */,
				4835D043204A8C720077C032 /* ViewController.swift */,
				4835D045204A8C720077C032 /* Main.storyboard */,
				4835D04B204A8C720077C032 /* Assets.xcassets */,
				4835D04D204A8C720077C032 /* LaunchScreen.storyboard */,
				4835D050204A8C720077C032 /* Info.plist */,
				4835D048204A8C720077C032 /* Hacktech2018.xcdatamodeld */,
			);
			path = Hacktech2018;
			sourceTree = "<group>";
		};
/* End PBXGroup section */

/* Begin PBXNativeTarget section */
		4835D03D204A8C720077C032 /* Hacktech2018 */ = {
			isa = PBXNativeTarget;
			buildConfigurationList = 4835D053204A8C720077C032 /* Build configuration list for PBXNativeTarget "Hacktech2018" */;
			buildPhases = (
				4835D03A204A8C720077C032 /* Sources */,
				4835D03B204A8C720077C032 /* Frameworks */,
				4835D03C204A8C720077C032 /* Resources */,
			);
			buildRules = (
			);
			dependencies = (
			);
			name = Hacktech2018;
			productName = Hacktech2018;
			productReference = 4835D03E204A8C720077C032 /* Hacktech2018.app */;
			productType = "com.apple.product-type.application";
		};
/* End PBXNativeTarget section */

/* Begin PBXProject section */
		4835D036204A8C720077C032 /* Project object */ = {
			isa = PBXProject;
			attributes = {
				LastSwiftUpdateCheck = 0830;
				LastUpgradeCheck = 0830;
				ORGANIZATIONNAME = "Stanley Kim";
				TargetAttributes = {
					4835D03D204A8C720077C032 = {
						CreatedOnToolsVersion = 8.3.3;
						ProvisioningStyle = Automatic;
					};
				};
			};
			buildConfigurationList = 4835D039204A8C720077C032 /* Build configuration list for PBXProject "Hacktech2018" */;
			compatibilityVersion = "Xcode 3.2";
			developmentRegion = English;
			hasScannedForEncodings = 0;
			knownRegions = (
				en,
				Base,
			);
			mainGroup = 4835D035204A8C720077C032;
			productRefGroup = 4835D03F204A8C720077C032 /* Products */;
			projectDirPath = "";
			projectRoot = "";
			targets = (
				4835D03D204A8C720077C032 /* Hacktech2018 */,
			);
		};
/* End PBXProject section */

/* Begin PBXResourcesBuildPhase section */
		4835D03C204A8C720077C032 /* Resources */ = {
			isa = PBXResourcesBuildPhase;
			buildActionMask = 2147483647;
			files = (
				4835D04F204A8C720077C032 /* LaunchScreen.storyboard in Resources */,
				4835D04C204A8C720077C032 /* Assets.xcassets in Resources */,
				4835D047204A8C720077C032 /* Main.storyboard in Resources */,
			);
			runOnlyForDeploymentPostprocessing = 0;
		};
/* End PBXResourcesBuildPhase section */

/* Begin PBXSourcesBuildPhase section */
		4835D03A204A8C720077C032 /* Sources */ = {
			isa = PBXSourcesBuildPhase;
			buildActionMask = 2147483647;
			files = (
				4835D044204A8C720077C032 /* ViewController.swift in Sources */,
				4835D042204A8C720077C032 /* AppDelegate.swift in Sources */,
				4835D04A204A8C720077C032 /* Hacktech2018.xcdatamodeld in Sources */,
			);
			runOnlyForDeploymentPostprocessing = 0;
		};
/* End PBXSourcesBuildPhase section */

/* Begin PBXVariantGroup section */
		4835D045204A8C720077C032 /* Main.storyboard */ = {
			isa = PBXVariantGroup;
			children = (
				4835D046204A8C720077C032 /* Base */,
			);
			name = Main.storyboard;
			sourceTree = "<group>";
		};
		4835D04D204A8C720077C032 /* LaunchScreen.storyboard */ = {
			isa = PBXVariantGroup;
			children = (
				4835D04E204A8C720077C032 /* Base */,
			);
			name = LaunchScreen.storyboard;
			sourceTree = "<group>";
		};
/* End PBXVariantGroup section */

/* Begin XCBuildConfiguration section */
		4835D051204A8C720077C032 /* Debug */ = {
			isa = XCBuildConfiguration;
			buildSettings = {
				ALWAYS_SEARCH_USER_PATHS = NO;
				CLANG_ANALYZER_NONNULL = YES;
				CLANG_ANALYZER_NUMBER_OBJECT_CONVERSION = YES_AGGRESSIVE;
				CLANG_CXX_LANGUAGE_STANDARD = "gnu++0x";
				CLANG_CXX_LIBRARY = "libc++";
				CLANG_ENABLE_MODULES = YES;
				CLANG_ENABLE_OBJC_ARC = YES;
				CLANG_WARN_BOOL_CONVERSION = YES;
				CLANG_WARN_CONSTANT_CONVERSION = YES;
				CLANG_WARN_DIRECT_OBJC_ISA_USAGE = YES_ERROR;
				CLANG_WARN_DOCUMENTATION_COMMENTS = YES;
				CLANG_WARN_EMPTY_BODY = YES;
				CLANG_WARN_ENUM_CONVERSION = YES;
				CLANG_WARN_INFINITE_RECURSION = YES;
				CLANG_WARN_INT_CONVERSION = YES;
				CLANG_WARN_OBJC_ROOT_CLASS = YES_ERROR;
				CLANG_WARN_SUSPICIOUS_MOVE = YES;
				CLANG_WARN_UNREACHABLE_CODE = YES;
				CLANG_WARN__DUPLICATE_METHOD_MATCH = YES;
				"CODE_SIGN_IDENTITY[sdk=iphoneos*]" = "iPhone Developer";
				COPY_PHASE_STRIP = NO;
				DEBUG_INFORMATION_FORMAT = dwarf;
				ENABLE_STRICT_OBJC_MSGSEND = YES;
				ENABLE_TESTABILITY = YES;
				GCC_C_LANGUAGE_STANDARD = gnu99;
				GCC_DYNAMIC_NO_PIC = NO;
				GCC_NO_COMMON_BLOCKS = YES;
				GCC_OPTIMIZATION_LEVEL = 0;
				GCC_PREPROCESSOR_DEFINITIONS = (
					"DEBUG=1",
					"$(inherited)",
				);
				GCC_WARN_64_TO_32_BIT_CONVERSION = YES;
				GCC_WARN_ABOUT_RETURN_TYPE = YES_ERROR;
				GCC_WARN_UNDECLARED_SELECTOR = YES;
				GCC_WARN_UNINITIALIZED_AUTOS = YES_AGGRESSIVE;
				GCC_WARN_UNUSED_FUNCTION = YES;
				GCC_WARN_UNUSED_VARIABLE = YES;
				IPHONEOS_DEPLOYMENT_TARGET = 10.3;
				MTL_ENABLE_DEBUG_INFO = YES;
				ONLY_ACTIVE_ARCH = YES;
				SDKROOT = iphoneos;
				SWIFT_ACTIVE_COMPILATION_CONDITIONS = DEBUG;
				SWIFT_OPTIMIZATION_LEVEL = "-Onone";
			};
			name = Debug;
		};
		4835D052204A8C720077C032 /* Release */ = {
			isa = XCBuildConfiguration;
			buildSettings = {
				ALWAYS_SEARCH_USER_PATHS = NO;
				CLANG_ANALYZER_NONNULL = YES;
				CLANG_ANALYZER_NUMBER_OBJECT_CONVERSION = YES_AGGRESSIVE;
				CLANG_CXX_LANGUAGE_STANDARD = "gnu++0x";
				CLANG_CXX_LIBRARY = "libc++";
				CLANG_ENABLE_MODULES = YES;
				CLANG_ENABLE_OBJC_ARC = YES;
				CLANG_WARN_BOOL_CONVERSION = YES;
				CLANG_WARN_CONSTANT_CONVERSION = YES;
				CLANG_WARN_DIRECT_OBJC_ISA_USAGE = YES_ERROR;
				CLANG_WARN_DOCUMENTATION_COMMENTS = YES;
				CLANG_WARN_EMPTY_BODY = YES;
				CLANG_WARN_ENUM_CONVERSION = YES;
				CLANG_WARN_INFINITE_RECURSION = YES;
				CLANG_WARN_INT_CONVERSION = YES;
				CLANG_WARN_OBJC_ROOT_CLASS = YES_ERROR;
				CLANG_WARN_SUSPICIOUS_MOVE = YES;
				CLANG_WARN_UNREACHABLE_CODE = YES;
				CLANG_WARN__DUPLICATE_METHOD_MATCH = YES;
				"CODE_SIGN_IDENTITY[sdk=iphoneos*]" = "iPhone Developer";
				COPY_PHASE_STRIP = NO;
				DEBUG_INFORMATION_FORMAT = "dwarf-with-dsym";
				ENABLE_NS_ASSERTIONS = NO;
				ENABLE_STRICT_OBJC_MSGSEND = YES;
				GCC_C_LANGUAGE_STANDARD = gnu99;
				GCC_NO_COMMON_BLOCKS = YES;
				GCC_WARN_64_TO_32_BIT_CONVERSION = YES;
				GCC_WARN_ABOUT_RETURN_TYPE = YES_ERROR;
				GCC_WARN_UNDECLARED_SELECTOR = YES;
				GCC_WARN_UNINITIALIZED_AUTOS = YES_AGGRESSIVE;
				GCC_WARN_UNUSED_FUNCTION = YES;
				GCC_WARN_UNUSED_VARIABLE = YES;
				IPHONEOS_DEPLOYMENT_TARGET = 10.3;
				MTL_ENABLE_DEBUG_INFO = NO;
				SDKROOT = iphoneos;
				SWIFT_OPTIMIZATION_LEVEL = "-Owholemodule";
				VALIDATE_PRODUCT = YES;
			};
			name = Release;
		};
		4835D054204A8C720077C032 /* Debug */ = {
			isa = XCBuildConfiguration;
			buildSettings = {
				ASSETCATALOG_COMPILER_APPICON_NAME = AppIcon;
				INFOPLIST_FILE = Hacktech2018/Info.plist;
				LD_RUNPATH_SEARCH_PATHS = "$(inherited) @executable_path/Frameworks";
				PRODUCT_BUNDLE_IDENTIFIER = stanleyjkim.Hacktech2018;
				PRODUCT_NAME = "$(TARGET_NAME)";
				SWIFT_VERSION = 3.0;
			};
			name = Debug;
		};
		4835D055204A8C720077C032 /* Release */ = {
			isa = XCBuildConfiguration;
			buildSettings = {
				ASSETCATALOG_COMPILER_APPICON_NAME = AppIcon;
				INFOPLIST_FILE = Hacktech2018/Info.plist;
				LD_RUNPATH_SEARCH_PATHS = "$(inherited) @executable_path/Frameworks";
				PRODUCT_BUNDLE_IDENTIFIER = stanleyjkim.Hacktech2018;
				PRODUCT_NAME = "$(TARGET_NAME)";
				SWIFT_VERSION = 3.0;
			};
			name = Release;
		};
/* End XCBuildConfiguration section */

/* Begin XCConfigurationList section */
		4835D039204A8C720077C032 /* Build configuration list for PBXProject "Hacktech2018" */ = {
			isa = XCConfigurationList;
			buildConfigurations = (
				4835D051204A8C720077C032 /* Debug */,
				4835D052204A8C720077C032 /* Release */,
			);
			defaultConfigurationIsVisible = 0;
			defaultConfigurationName = Release;
		};
		4835D053204A8C720077C032 /* Build configuration list for PBXNativeTarget "Hacktech2018" */ = {
			isa = XCConfigurationList;
			buildConfigurations = (
				4835D054204A8C720077C032 /* Debug */,
				4835D055204A8C720077C032 /* Release */,
			);
			defaultConfigurationIsVisible = 0;
		};
/* End XCConfigurationList section */

/* Begin XCVersionGroup section */
		4835D048204A8C720077C032 /* Hacktech2018.xcdatamodeld */ = {
			isa = XCVersionGroup;
			children = (
				4835D049204A8C720077C032 /* Hacktech2018.xcdatamodel */,
			);
			currentVersion = 4835D049204A8C720077C032 /* Hacktech2018.xcdatamodel */;
			path = Hacktech2018.xcdatamodeld;
			sourceTree = "<group>";
			versionGroupType = wrapper.xcdatamodel;
		};
/* End XCVersionGroup section */
	};
	rootObject = 4835D036204A8C720077C032 /* Project object */;
}
